
Microsoft Visual Studio Solution File, Format Version 12.00
# Visual Studio Version 17
VisualStudioVersion = 17.9.34622.214
MinimumVisualStudioVersion = 10.0.40219.1
Project("{FAE04EC0-301F-11D3-BF4B-00C04F79EFBC}") = "Assignment 10.3", "Assignment 10.3.csproj", "{309EE3C6-E035-4870-BF75-2E0A8A9160DA}"
EndProject
Global
	GlobalSection(SolutionConfigurationPlatforms) = preSolution
		Debug|Any CPU = Debug|Any CPU
		Release|Any CPU = Release|Any CPU
	EndGlobalSection
	GlobalSection(ProjectConfigurationPlatforms) = postSolution
		{309EE3C6-E035-4870-BF75-2E0A8A9160DA}.Debug|Any CPU.ActiveCfg = Debug|Any CPU
		{309EE3C6-E035-4870-BF75-2E0A8A9160DA}.Debug|Any CPU.Build.0 = Debug|Any CPU
		{309EE3C6-E035-4870-BF75-2E0A8A9160DA}.Release|Any CPU.ActiveCfg = Release|Any CPU
		{309EE3C6-E035-4870-BF75-2E0A8A9160DA}.Release|Any CPU.Build.0 = Release|Any CPU
	EndGlobalSection
	GlobalSection(SolutionProperties) = preSolution
		HideSolutionNode = FALSE
	EndGlobalSection
	GlobalSection(ExtensibilityGlobals) = postSolution
		SolutionGuid = {6312DBF0-998C-4654-B6BF-BD64282E09E9}
	EndGlobalSection
EndGlobal
